
Microsoft Visual Studio Solution File, Format Version 12.00
# Visual Studio 15
VisualStudioVersion = 15.0.28307.705
MinimumVisualStudioVersion = 10.0.40219.1
Project("{888888A0-9F3D-457C-B088-3A5042F75D52}") = "RPA_Python", "RPA_Python\RPA_Python.pyproj", "{B5970143-63ED-4E31-8D0C-8D49677ED9FA}"
EndProject
Global
	GlobalSection(SolutionConfigurationPlatforms) = preSolution
		Debug|Any CPU = Debug|Any CPU
		Release|Any CPU = Release|Any CPU
	EndGlobalSection
	GlobalSection(ProjectConfigurationPlatforms) = postSolution
		{B5970143-63ED-4E31-8D0C-8D49677ED9FA}.Debug|Any CPU.ActiveCfg = Debug|Any CPU
		{B5970143-63ED-4E31-8D0C-8D49677ED9FA}.Release|Any CPU.ActiveCfg = Release|Any CPU
	EndGlobalSection
	GlobalSection(SolutionProperties) = preSolution
		HideSolutionNode = FALSE
	EndGlobalSection
	GlobalSection(ExtensibilityGlobals) = postSolution
		SolutionGuid = {55A531B8-8EC4-4680-9A10-0D8D5EC17EB4}
	EndGlobalSection
EndGlobal
